// !$*UTF8*$!
{
	archiveVersion = 1;
	classes = {
	};
	objectVersion = 46;
	objects = {

/* Begin PBXBuildFile section */
		C43F0B3A148BEAEF00136CB0 /* UIKit.framework in Frameworks */ = {isa = PBXBuildFile; fileRef = C43F0B39148BEAEF00136CB0 /* UIKit.framework */; };
		C43F0B3C148BEAEF00136CB0 /* Foundation.framework in Frameworks */ = {isa = PBXBuildFile; fileRef = C43F0B3B148BEAEF00136CB0 /* Foundation.framework */; };
		C43F0B3E148BEAEF00136CB0 /* CoreGraphics.framework in Frameworks */ = {isa = PBXBuildFile; fileRef = C43F0B3D148BEAEF00136CB0 /* CoreGraphics.framework */; };
		C43F0B44148BEAEF00136CB0 /* InfoPlist.strings in Resources */ = {isa = PBXBuildFile; fileRef = C43F0B42148BEAEF00136CB0 /* InfoPlist.strings */; };
		C43F0B46148BEAEF00136CB0 /* main.m in Sources */ = {isa = PBXBuildFile; fileRef = C43F0B45148BEAEF00136CB0 /* main.m */; };
		C43F0B4A148BEAEF00136CB0 /* WSLAppDelegate.m in Sources */ = {isa = PBXBuildFile; fileRef = C43F0B49148BEAEF00136CB0 /* WSLAppDelegate.m */; };
		C43F0B4D148BEAEF00136CB0 /* MainStoryboard.storyboard in Resources */ = {isa = PBXBuildFile; fileRef = C43F0B4B148BEAEF00136CB0 /* MainStoryboard.storyboard */; };
		C43F0B50148BEAEF00136CB0 /* WSLViewController.m in Sources */ = {isa = PBXBuildFile; fileRef = C43F0B4F148BEAEF00136CB0 /* WSLViewController.m */; };
/* End PBXBuildFile section */

/* Begin PBXFileReference section */
		C43F0B35148BEAEF00136CB0 /* ObjectSwitch.app */ = {isa = PBXFileReference; explicitFileType = wrapper.application; includeInIndex = 0; path = ObjectSwitch.app; sourceTree = BUILT_PRODUCTS_DIR; };
		C43F0B39148BEAEF00136CB0 /* UIKit.framework */ = {isa = PBXFileReference; lastKnownFileType = wrapper.framework; name = UIKit.framework; path = System/Library/Frameworks/UIKit.framework; sourceTree = SDKROOT; };
		C43F0B3B148BEAEF00136CB0 /* Foundation.framework */ = {isa = PBXFileReference; lastKnownFileType = wrapper.framework; name = Foundation.framework; path = System/Library/Frameworks/Foundation.framework; sourceTree = SDKROOT; };
		C43F0B3D148BEAEF00136CB0 /* CoreGraphics.framework */ = {isa = PBXFileReference; lastKnownFileType = wrapper.framework; name = CoreGraphics.framework; path = System/Library/Frameworks/CoreGraphics.framework; sourceTree = SDKROOT; };
		C43F0B41148BEAEF00136CB0 /* ObjectSwitch-Info.plist */ = {isa = PBXFileReference; path = "ObjectSwitch-Info.plist"; sourceTree = "<group>"; };
		C43F0B43148BEAEF00136CB0 /* en */ = {isa = PBXFileReference; lastKnownFileType = text.plist.strings; name = en; path = en.lproj/InfoPlist.strings; sourceTree = "<group>"; };
		C43F0B45148BEAEF00136CB0 /* main.m */ = {isa = PBXFileReference; lastKnownFileType = sourcecode.c.objc; path = main.m; sourceTree = "<group>"; };
		C43F0B47148BEAEF00136CB0 /* ObjectSwitch-Prefix.pch */ = {isa = PBXFileReference; path = "ObjectSwitch-Prefix.pch"; sourceTree = "<group>"; };
		C43F0B48148BEAEF00136CB0 /* WSLAppDelegate.h */ = {isa = PBXFileReference; path = WSLAppDelegate.h; sourceTree = "<group>"; };
		C43F0B49148BEAEF00136CB0 /* WSLAppDelegate.m */ = {isa = PBXFileReference; lastKnownFileType = sourcecode.c.objc; path = WSLAppDelegate.m; sourceTree = "<group>"; };
		C43F0B4C148BEAEF00136CB0 /* en */ = {isa = PBXFileReference; lastKnownFileType = file.storyboard; name = en; path = en.lproj/MainStoryboard.storyboard; sourceTree = "<group>"; };
		C43F0B4E148BEAEF00136CB0 /* WSLViewController.h */ = {isa = PBXFileReference; path = WSLViewController.h; sourceTree = "<group>"; };
		C43F0B4F148BEAEF00136CB0 /* WSLViewController.m */ = {isa = PBXFileReference; lastKnownFileType = sourcecode.c.objc; path = WSLViewController.m; sourceTree = "<group>"; };
/* End PBXFileReference section */

/* Begin PBXFrameworksBuildPhase section */
		C43F0B32148BEAEF00136CB0 /* Frameworks */ = {
			isa = PBXFrameworksBuildPhase;
			buildActionMask = 2147483647;
			files = (
				C43F0B3A148BEAEF00136CB0 /* UIKit.framework in Frameworks */,
				C43F0B3C148BEAEF00136CB0 /* Foundation.framework in Frameworks */,
				C43F0B3E148BEAEF00136CB0 /* CoreGraphics.framework in Frameworks */,
			);
			runOnlyForDeploymentPostprocessing = 0;
		};
/* End PBXFrameworksBuildPhase section */

/* Begin PBXGroup section */
		C43F0B2A148BEAEE00136CB0 = {
			isa = PBXGroup;
			children = (
				C43F0B3F148BEAEF00136CB0 /* ObjectSwitch */,
				C43F0B38148BEAEF00136CB0 /* Frameworks */,
				C43F0B36148BEAEF00136CB0 /* Products */,
			);
			sourceTree = "<group>";
		};
		C43F0B36148BEAEF00136CB0 /* Products */ = {
			isa = PBXGroup;
			children = (
				C43F0B35148BEAEF00136CB0 /* ObjectSwitch.app */,
			);
			name = Products;
			sourceTree = "<group>";
		};
		C43F0B38148BEAEF00136CB0 /* Frameworks */ = {
			isa = PBXGroup;
			children = (
				C43F0B39148BEAEF00136CB0 /* UIKit.framework */,
				C43F0B3B148BEAEF00136CB0 /* Foundation.framework */,
				C43F0B3D148BEAEF00136CB0 /* CoreGraphics.framework */,
			);
			name = Frameworks;
			sourceTree = "<group>";
		};
		C43F0B3F148BEAEF00136CB0 /* ObjectSwitch */ = {
			isa = PBXGroup;
			children = (
				C43F0B48148BEAEF00136CB0 /* WSLAppDelegate.h */,
				C43F0B49148BEAEF00136CB0 /* WSLAppDelegate.m */,
				C43F0B4B148BEAEF00136CB0 /* MainStoryboard.storyboard */,
				C43F0B4E148BEAEF00136CB0 /* WSLViewController.h */,
				C43F0B4F148BEAEF00136CB0 /* WSLViewController.m */,
				C43F0B40148BEAEF00136CB0 /* Supporting Files */,
			);
			path = ObjectSwitch;
			sourceTree = "<group>";
		};
		C43F0B40148BEAEF00136CB0 /* Supporting Files */ = {
			isa = PBXGroup;
			children = (
				C43F0B41148BEAEF00136CB0 /* ObjectSwitch-Info.plist */,
				C43F0B42148BEAEF00136CB0 /* InfoPlist.strings */,
				C43F0B45148BEAEF00136CB0 /* main.m */,
				C43F0B47148BEAEF00136CB0 /* ObjectSwitch-Prefix.pch */,
			);
			name = "Supporting Files";
			sourceTree = "<group>";
		};
/* End PBXGroup section */

/* Begin PBXNativeTarget section */
		C43F0B34148BEAEF00136CB0 /* ObjectSwitch */ = {
			isa = PBXNativeTarget;
			buildConfigurationList = C43F0B53148BEAEF00136CB0 /* Build configuration list for PBXNativeTarget "ObjectSwitch" */;
			buildPhases = (
				C43F0B31148BEAEF00136CB0 /* Sources */,
				C43F0B32148BEAEF00136CB0 /* Frameworks */,
				C43F0B33148BEAEF00136CB0 /* Resources */,
			);
			buildRules = (
			);
			dependencies = (
			);
			name = ObjectSwitch;
			productName = ObjectSwitch;
			productReference = C43F0B35148BEAEF00136CB0 /* ObjectSwitch.app */;
			productType = "com.apple.product-type.application";
		};
/* End PBXNativeTarget section */

/* Begin PBXProject section */
		C43F0B2C148BEAEE00136CB0 /* Project object */ = {
			isa = PBXProject;
			attributes = {
				LastUpgradeCheck = 0420;
			};
			buildConfigurationList = C43F0B2F148BEAEE00136CB0 /* Build configuration list for PBXProject "ObjectSwitch" */;
			compatibilityVersion = "Xcode 3.2";
			developmentRegion = English;
			hasScannedForEncodings = 0;
			knownRegions = (
				en,
			);
			mainGroup = C43F0B2A148BEAEE00136CB0;
			productRefGroup = C43F0B36148BEAEF00136CB0 /* Products */;
			projectDirPath = "";
			projectRoot = "";
			targets = (
				C43F0B34148BEAEF00136CB0 /* ObjectSwitch */,
			);
		};
/* End PBXProject section */

/* Begin PBXResourcesBuildPhase section */
		C43F0B33148BEAEF00136CB0 /* Resources */ = {
			isa = PBXResourcesBuildPhase;
			buildActionMask = 2147483647;
			files = (
				C43F0B44148BEAEF00136CB0 /* InfoPlist.strings in Resources */,
				C43F0B4D148BEAEF00136CB0 /* MainStoryboard.storyboard in Resources */,
			);
			runOnlyForDeploymentPostprocessing = 0;
		};
/* End PBXResourcesBuildPhase section */

/* Begin PBXSourcesBuildPhase section */
		C43F0B31148BEAEF00136CB0 /* Sources */ = {
			isa = PBXSourcesBuildPhase;
			buildActionMask = 2147483647;
			files = (
				C43F0B46148BEAEF00136CB0 /* main.m in Sources */,
				C43F0B4A148BEAEF00136CB0 /* WSLAppDelegate.m in Sources */,
				C43F0B50148BEAEF00136CB0 /* WSLViewController.m in Sources */,
			);
			runOnlyForDeploymentPostprocessing = 0;
		};
/* End PBXSourcesBuildPhase section */

/* Begin PBXVariantGroup section */
		C43F0B42148BEAEF00136CB0 /* InfoPlist.strings */ = {
			isa = PBXVariantGroup;
			children = (
				C43F0B43148BEAEF00136CB0 /* en */,
			);
			name = InfoPlist.strings;
			sourceTree = "<group>";
		};
		C43F0B4B148BEAEF00136CB0 /* MainStoryboard.storyboard */ = {
			isa = PBXVariantGroup;
			children = (
				C43F0B4C148BEAEF00136CB0 /* en */,
			);
			name = MainStoryboard.storyboard;
			sourceTree = "<group>";
		};
/* End PBXVariantGroup section */

/* Begin XCBuildConfiguration section */
		C43F0B51148BEAEF00136CB0 /* Debug */ = {
			isa = XCBuildConfiguration;
			buildSettings = {
				ALWAYS_SEARCH_USER_PATHS = NO;
				ARCHS = "$(ARCHS_STANDARD_32_BIT)";
				CLANG_ENABLE_OBJC_ARC = YES;
				"CODE_SIGN_IDENTITY[sdk=iphoneos*]" = "iPhone Developer";
				COPY_PHASE_STRIP = NO;
				GCC_C_LANGUAGE_STANDARD = gnu99;
				GCC_DYNAMIC_NO_PIC = NO;
				GCC_OPTIMIZATION_LEVEL = 0;
				GCC_PREPROCESSOR_DEFINITIONS = (
					"DEBUG=1",
					"$(inherited)",
				);
				GCC_SYMBOLS_PRIVATE_EXTERN = NO;
				GCC_VERSION = com.apple.compilers.llvm.clang.1_0;
				GCC_WARN_ABOUT_MISSING_PROTOTYPES = YES;
				GCC_WARN_ABOUT_RETURN_TYPE = YES;
				GCC_WARN_UNUSED_VARIABLE = YES;
				IPHONEOS_DEPLOYMENT_TARGET = 5.0;
				SDKROOT = iphoneos;
			};
			name = Debug;
		};
		C43F0B52148BEAEF00136CB0 /* Release */ = {
			isa = XCBuildConfiguration;
			buildSettings = {
				ALWAYS_SEARCH_USER_PATHS = NO;
				ARCHS = "$(ARCHS_STANDARD_32_BIT)";
				CLANG_ENABLE_OBJC_ARC = YES;
				"CODE_SIGN_IDENTITY[sdk=iphoneos*]" = "iPhone Developer";
				COPY_PHASE_STRIP = YES;
				GCC_C_LANGUAGE_STANDARD = gnu99;
				GCC_VERSION = com.apple.compilers.llvm.clang.1_0;
				GCC_WARN_ABOUT_MISSING_PROTOTYPES = YES;
				GCC_WARN_ABOUT_RETURN_TYPE = YES;
				GCC_WARN_UNUSED_VARIABLE = YES;
				IPHONEOS_DEPLOYMENT_TARGET = 5.0;
				OTHER_CFLAGS = "-DNS_BLOCK_ASSERTIONS=1";
				SDKROOT = iphoneos;
				VALIDATE_PRODUCT = YES;
			};
			name = Release;
		};
		C43F0B54148BEAEF00136CB0 /* Debug */ = {
			isa = XCBuildConfiguration;
			buildSettings = {
				GCC_PRECOMPILE_PREFIX_HEADER = YES;
				GCC_PREFIX_HEADER = "ObjectSwitch/ObjectSwitch-Prefix.pch";
				INFOPLIST_FILE = "ObjectSwitch/ObjectSwitch-Info.plist";
				PRODUCT_NAME = "$(TARGET_NAME)";
				WRAPPER_EXTENSION = app;
			};
			name = Debug;
		};
		C43F0B55148BEAEF00136CB0 /* Release */ = {
			isa = XCBuildConfiguration;
			buildSettings = {
				GCC_PRECOMPILE_PREFIX_HEADER = YES;
				GCC_PREFIX_HEADER = "ObjectSwitch/ObjectSwitch-Prefix.pch";
				INFOPLIST_FILE = "ObjectSwitch/ObjectSwitch-Info.plist";
				PRODUCT_NAME = "$(TARGET_NAME)";
				WRAPPER_EXTENSION = app;
			};
			name = Release;
		};
/* End XCBuildConfiguration section */

/* Begin XCConfigurationList section */
		C43F0B2F148BEAEE00136CB0 /* Build configuration list for PBXProject "ObjectSwitch" */ = {
			isa = XCConfigurationList;
			buildConfigurations = (
				C43F0B51148BEAEF00136CB0 /* Debug */,
				C43F0B52148BEAEF00136CB0 /* Release */,
			);
			defaultConfigurationIsVisible = 0;
			defaultConfigurationName = Release;
		};
		C43F0B53148BEAEF00136CB0 /* Build configuration list for PBXNativeTarget "ObjectSwitch" */ = {
			isa = XCConfigurationList;
			buildConfigurations = (
				C43F0B54148BEAEF00136CB0 /* Debug */,
				C43F0B55148BEAEF00136CB0 /* Release */,
			);
			defaultConfigurationIsVisible = 0;
		};
/* End XCConfigurationList section */
	};
	rootObject = C43F0B2C148BEAEE00136CB0 /* Project object */;
}
